
Microsoft Visual Studio Solution File, Format Version 11.00
# Visual Studio 2010
Project("{8BC9CEB8-8B4A-11D0-8D11-00A0C91BC942}") = "FFMPEG_SDL_MFC_PLAYER_1", "FFMPEG_SDL_MFC_PLAYER_1\FFMPEG_SDL_MFC_PLAYER_1.vcxproj", "{CD528E4B-6421-413B-BB8C-6B9D619EF330}"
EndProject
Global
	GlobalSection(SolutionConfigurationPlatforms) = preSolution
		Debug|Win32 = Debug|Win32
		Release|Win32 = Release|Win32
	EndGlobalSection
	GlobalSection(ProjectConfigurationPlatforms) = postSolution
		{CD528E4B-6421-413B-BB8C-6B9D619EF330}.Debug|Win32.ActiveCfg = Debug|Win32
		{CD528E4B-6421-413B-BB8C-6B9D619EF330}.Debug|Win32.Build.0 = Debug|Win32
		{CD528E4B-6421-413B-BB8C-6B9D619EF330}.Release|Win32.ActiveCfg = Release|Win32
		{CD528E4B-6421-413B-BB8C-6B9D619EF330}.Release|Win32.Build.0 = Release|Win32
	EndGlobalSection
	GlobalSection(SolutionProperties) = preSolution
		HideSolutionNode = FALSE
	EndGlobalSection
EndGlobal
